
Microsoft Visual Studio Solution File, Format Version 12.00
# Visual Studio Version 17
VisualStudioVersion = 17.8.34525.116
MinimumVisualStudioVersion = 10.0.40219.1
Project("{FAE04EC0-301F-11D3-BF4B-00C04F79EFBC}") = "VScMariaDB", "VScMariaDB.csproj", "{301BC553-2F68-4156-91D2-5A477147AA8F}"
EndProject
Global
	GlobalSection(SolutionConfigurationPlatforms) = preSolution
		Debug|Any CPU = Debug|Any CPU
		Release|Any CPU = Release|Any CPU
	EndGlobalSection
	GlobalSection(ProjectConfigurationPlatforms) = postSolution
		{301BC553-2F68-4156-91D2-5A477147AA8F}.Debug|Any CPU.ActiveCfg = Debug|Any CPU
		{301BC553-2F68-4156-91D2-5A477147AA8F}.Debug|Any CPU.Build.0 = Debug|Any CPU
		{301BC553-2F68-4156-91D2-5A477147AA8F}.Release|Any CPU.ActiveCfg = Release|Any CPU
		{301BC553-2F68-4156-91D2-5A477147AA8F}.Release|Any CPU.Build.0 = Release|Any CPU
	EndGlobalSection
	GlobalSection(SolutionProperties) = preSolution
		HideSolutionNode = FALSE
	EndGlobalSection
	GlobalSection(ExtensibilityGlobals) = postSolution
		SolutionGuid = {76920E50-6689-4FDE-B27F-87D3BEAEDB52}
	EndGlobalSection
EndGlobal
